schema: '2.0'
stages:
  feature_importance:
    cmd: python feature_importance.py
    deps:
    - path: X_test_transformed.csv
      md5: c49eb838b9b5e2c2ec7b63e5a6e3c5bd
      size: 375002
    - path: X_train_transformed.csv
      md5: 28894415819293d11026eea20dad88ed
      size: 1125000
    - path: feature_importance.py
      md5: c21edb976b67333cd826f5eb88b4b7cb
      size: 800
    - path: model.pkl
      md5: 4f9a16f81bc12c7a0696fd40f64188c0
      size: 1159
    - path: preprocessor.pkl
      md5: 1d013b1ce3c48bff583656fa2395bdaa
      size: 11029
    outs:
    - path: feature_plot.png
      md5: a569bc764f952f0a0f0717e118e00b6e
      size: 55311
  training:
    cmd: python training.py
    deps:
    - path: X_train_transformed.csv
      md5: 28894415819293d11026eea20dad88ed
      size: 1125000
    - path: training.py
      md5: d458e90f131e9021ede03f2f1869dc7b
      size: 395
    - path: y_train.csv
      md5: fdb11026df4d5f75edfae5f8a285f4fc
      size: 18750
    outs:
    - path: model.pkl
      md5: 4f9a16f81bc12c7a0696fd40f64188c0
      size: 1159
  preprocess:
    cmd: python preprocess.py
    deps:
    - path: bank_scoring.csv
      md5: bd255f0de38f0f83edfdee6ad51a9461
      size: 250520
    - path: preprocess.py
      md5: 96c984cd6581a0f52cb28e55cd430972
      size: 2099
    outs:
    - path: X_test_transformed.csv
      md5: c49eb838b9b5e2c2ec7b63e5a6e3c5bd
      size: 375002
    - path: X_train_transformed.csv
      md5: 28894415819293d11026eea20dad88ed
      size: 1125000
    - path: preprocessor.pkl
      md5: 1d013b1ce3c48bff583656fa2395bdaa
      size: 11029
    - path: y_test.csv
      md5: 49e365c8618cea2e328ba7366dca7558
      size: 6250
    - path: y_train.csv
      md5: fdb11026df4d5f75edfae5f8a285f4fc
      size: 18750
  evaluation:
    cmd: python evaluation.py
    deps:
    - path: X_test_transformed.csv
      md5: c49eb838b9b5e2c2ec7b63e5a6e3c5bd
      size: 375002
    - path: evaluation.py
      md5: b40b56845096c5494eb4854851f53d32
      size: 539
    - path: model.pkl
      md5: 4f9a16f81bc12c7a0696fd40f64188c0
      size: 1159
    - path: y_test.csv
      md5: 49e365c8618cea2e328ba7366dca7558
      size: 6250
    outs:
    - path: metrics.json
      md5: 0793862a2079a3366fb297824a8e7db2
      size: 18
